
Microsoft Visual Studio Solution File, Format Version 12.00
# Visual Studio Version 17
VisualStudioVersion = 17.0.31903.59
MinimumVisualStudioVersion = 10.0.40219.1
Project("{FAE04EC0-301F-11D3-BF4B-00C04F79EFBC}") = "DCWS.MainSite.Api.Domain", "src\DCWS.MainSite.Api.Domain\DCWS.MainSite.Api.Domain.csproj", "{1047A102-AFBC-440C-B408-60EC2604C009}"
EndProject
Project("{FAE04EC0-301F-11D3-BF4B-00C04F79EFBC}") = "DCWS.MainSite.Api.Web", "src\DCWS.MainSite.Api.Web\DCWS.MainSite.Api.Web.csproj", "{5CDE0554-1137-48DE-A76C-957C842A57EB}"
EndProject
Project("{FAE04EC0-301F-11D3-BF4B-00C04F79EFBC}") = "DCWS.MainSite.Api.Tests", "tests\DCWS.MainSite.Api.Tests\DCWS.MainSite.Api.Tests.csproj", "{FE9B7B6E-BA9E-4FE7-A88D-843241165CE0}"
EndProject
Project("{2150E333-8FDC-42A3-9474-1A3956D46DE8}") = "src", "src", "{827E0CD3-B72D-47B6-A68D-7590B98EB39B}"
EndProject
Project("{FAE04EC0-301F-11D3-BF4B-00C04F79EFBC}") = "DCWS.MainSite.Api.Data", "src\DCWS.MainSite.Api.Data\DCWS.MainSite.Api.Data.csproj", "{EECBE177-492B-4429-912F-628404425539}"
EndProject
Global
	GlobalSection(SolutionConfigurationPlatforms) = preSolution
		Debug|Any CPU = Debug|Any CPU
		Debug|x64 = Debug|x64
		Debug|x86 = Debug|x86
		Release|Any CPU = Release|Any CPU
		Release|x64 = Release|x64
		Release|x86 = Release|x86
	EndGlobalSection
	GlobalSection(ProjectConfigurationPlatforms) = postSolution
		{1047A102-AFBC-440C-B408-60EC2604C009}.Debug|Any CPU.ActiveCfg = Debug|Any CPU
		{1047A102-AFBC-440C-B408-60EC2604C009}.Debug|Any CPU.Build.0 = Debug|Any CPU
		{1047A102-AFBC-440C-B408-60EC2604C009}.Debug|x64.ActiveCfg = Debug|Any CPU
		{1047A102-AFBC-440C-B408-60EC2604C009}.Debug|x64.Build.0 = Debug|Any CPU
		{1047A102-AFBC-440C-B408-60EC2604C009}.Debug|x86.ActiveCfg = Debug|Any CPU
		{1047A102-AFBC-440C-B408-60EC2604C009}.Debug|x86.Build.0 = Debug|Any CPU
		{1047A102-AFBC-440C-B408-60EC2604C009}.Release|Any CPU.ActiveCfg = Release|Any CPU
		{1047A102-AFBC-440C-B408-60EC2604C009}.Release|Any CPU.Build.0 = Release|Any CPU
		{1047A102-AFBC-440C-B408-60EC2604C009}.Release|x64.ActiveCfg = Release|Any CPU
		{1047A102-AFBC-440C-B408-60EC2604C009}.Release|x64.Build.0 = Release|Any CPU
		{1047A102-AFBC-440C-B408-60EC2604C009}.Release|x86.ActiveCfg = Release|Any CPU
		{1047A102-AFBC-440C-B408-60EC2604C009}.Release|x86.Build.0 = Release|Any CPU
		{5CDE0554-1137-48DE-A76C-957C842A57EB}.Debug|Any CPU.ActiveCfg = Debug|Any CPU
		{5CDE0554-1137-48DE-A76C-957C842A57EB}.Debug|Any CPU.Build.0 = Debug|Any CPU
		{5CDE0554-1137-48DE-A76C-957C842A57EB}.Debug|x64.ActiveCfg = Debug|Any CPU
		{5CDE0554-1137-48DE-A76C-957C842A57EB}.Debug|x64.Build.0 = Debug|Any CPU
		{5CDE0554-1137-48DE-A76C-957C842A57EB}.Debug|x86.ActiveCfg = Debug|Any CPU
		{5CDE0554-1137-48DE-A76C-957C842A57EB}.Debug|x86.Build.0 = Debug|Any CPU
		{5CDE0554-1137-48DE-A76C-957C842A57EB}.Release|Any CPU.ActiveCfg = Release|Any CPU
		{5CDE0554-1137-48DE-A76C-957C842A57EB}.Release|Any CPU.Build.0 = Release|Any CPU
		{5CDE0554-1137-48DE-A76C-957C842A57EB}.Release|x64.ActiveCfg = Release|Any CPU
		{5CDE0554-1137-48DE-A76C-957C842A57EB}.Release|x64.Build.0 = Release|Any CPU
		{5CDE0554-1137-48DE-A76C-957C842A57EB}.Release|x86.ActiveCfg = Release|Any CPU
		{5CDE0554-1137-48DE-A76C-957C842A57EB}.Release|x86.Build.0 = Release|Any CPU
		{FE9B7B6E-BA9E-4FE7-A88D-843241165CE0}.Debug|Any CPU.ActiveCfg = Debug|Any CPU
		{FE9B7B6E-BA9E-4FE7-A88D-843241165CE0}.Debug|Any CPU.Build.0 = Debug|Any CPU
		{FE9B7B6E-BA9E-4FE7-A88D-843241165CE0}.Debug|x64.ActiveCfg = Debug|Any CPU
		{FE9B7B6E-BA9E-4FE7-A88D-843241165CE0}.Debug|x64.Build.0 = Debug|Any CPU
		{FE9B7B6E-BA9E-4FE7-A88D-843241165CE0}.Debug|x86.ActiveCfg = Debug|Any CPU
		{FE9B7B6E-BA9E-4FE7-A88D-843241165CE0}.Debug|x86.Build.0 = Debug|Any CPU
		{FE9B7B6E-BA9E-4FE7-A88D-843241165CE0}.Release|Any CPU.ActiveCfg = Release|Any CPU
		{FE9B7B6E-BA9E-4FE7-A88D-843241165CE0}.Release|Any CPU.Build.0 = Release|Any CPU
		{FE9B7B6E-BA9E-4FE7-A88D-843241165CE0}.Release|x64.ActiveCfg = Release|Any CPU
		{FE9B7B6E-BA9E-4FE7-A88D-843241165CE0}.Release|x64.Build.0 = Release|Any CPU
		{FE9B7B6E-BA9E-4FE7-A88D-843241165CE0}.Release|x86.ActiveCfg = Release|Any CPU
		{FE9B7B6E-BA9E-4FE7-A88D-843241165CE0}.Release|x86.Build.0 = Release|Any CPU
		{EECBE177-492B-4429-912F-628404425539}.Debug|Any CPU.ActiveCfg = Debug|Any CPU
		{EECBE177-492B-4429-912F-628404425539}.Debug|Any CPU.Build.0 = Debug|Any CPU
		{EECBE177-492B-4429-912F-628404425539}.Debug|x64.ActiveCfg = Debug|Any CPU
		{EECBE177-492B-4429-912F-628404425539}.Debug|x64.Build.0 = Debug|Any CPU
		{EECBE177-492B-4429-912F-628404425539}.Debug|x86.ActiveCfg = Debug|Any CPU
		{EECBE177-492B-4429-912F-628404425539}.Debug|x86.Build.0 = Debug|Any CPU
		{EECBE177-492B-4429-912F-628404425539}.Release|Any CPU.ActiveCfg = Release|Any CPU
		{EECBE177-492B-4429-912F-628404425539}.Release|Any CPU.Build.0 = Release|Any CPU
		{EECBE177-492B-4429-912F-628404425539}.Release|x64.ActiveCfg = Release|Any CPU
		{EECBE177-492B-4429-912F-628404425539}.Release|x64.Build.0 = Release|Any CPU
		{EECBE177-492B-4429-912F-628404425539}.Release|x86.ActiveCfg = Release|Any CPU
		{EECBE177-492B-4429-912F-628404425539}.Release|x86.Build.0 = Release|Any CPU
	EndGlobalSection
	GlobalSection(SolutionProperties) = preSolution
		HideSolutionNode = FALSE
	EndGlobalSection
	GlobalSection(NestedProjects) = preSolution
		{EECBE177-492B-4429-912F-628404425539} = {827E0CD3-B72D-47B6-A68D-7590B98EB39B}
	EndGlobalSection
EndGlobal
